{
  "version": 4,
  "terraform_version": "1.11.3",
  "serial": 222,
  "lineage": "d6537602-0115-82eb-e264-f0891db4695d",
  "outputs": {
    "aws_securitygroupid": {
      "value": "sg-0b0cd82e4a445981c",
      "type": "string"
    },
    "myVPCid": {
      "value": "vpc-0d8f0f8cdbe845a0c",
      "type": "string"
    },
    "privateinstanceid": {
      "value": "i-06091ac150435024e",
      "type": "string"
    },
    "privatesubnetid": {
      "value": "subnet-0bca3a4f5148f7b47",
      "type": "string"
    },
    "publicinstanceid": {
      "value": "i-02f587485c0ed6598",
      "type": "string"
    },
    "publicsubnetid": {
      "value": "subnet-05319565125f4530c",
      "type": "string"
    }
  },
  "resources": [
    {
      "mode": "managed",
      "type": "aws_eip",
      "name": "nat_eip",
      "provider": "provider[\"registry.terraform.io/hashicorp/aws\"]",
      "instances": [
        {
          "schema_version": 0,
          "attributes": {
            "address": null,
            "allocation_id": "eipalloc-0b767905bccd2a3af",
            "arn": "arn:aws:ec2:us-east-1:211125662964:elastic-ip/eipalloc-0b767905bccd2a3af",
            "associate_with_private_ip": null,
            "association_id": "eipassoc-00ca8976febbb447e",
            "carrier_ip": "",
            "customer_owned_ip": "",
            "customer_owned_ipv4_pool": "",
            "domain": "vpc",
            "id": "eipalloc-0b767905bccd2a3af",
            "instance": "",
            "ipam_pool_id": null,
            "network_border_group": "us-east-1",
            "network_interface": "eni-089cb8a5f75f97fe7",
            "private_dns": "ip-10-0-1-176.ec2.internal",
            "private_ip": "10.0.1.176",
            "ptr_record": "",
            "public_dns": "ec2-44-199-30-32.compute-1.amazonaws.com",
            "public_ip": "44.199.30.32",
            "public_ipv4_pool": "amazon",
            "tags": {
              "Name": "NAT Gateway EIP"
            },
            "tags_all": {
              "Name": "NAT Gateway EIP"
            },
            "timeouts": null,
            "vpc": true
          },
          "sensitive_attributes": [],
          "private": "eyJlMmJmYjczMC1lY2FhLTExZTYtOGY4OC0zNDM2M2JjN2M0YzAiOnsiZGVsZXRlIjoxODAwMDAwMDAwMDAsInJlYWQiOjkwMDAwMDAwMDAwMCwidXBkYXRlIjozMDAwMDAwMDAwMDB9fQ==",
          "dependencies": [
            "aws_internet_gateway.igw",
            "aws_vpc.mytf_vpc"
          ]
        }
      ]
    },
    {
      "mode": "managed",
      "type": "aws_instance",
      "name": "mytfprivateinstance",
      "provider": "provider[\"registry.terraform.io/hashicorp/aws\"]",
      "instances": [
        {
          "schema_version": 1,
          "attributes": {
            "ami": "ami-00a929b66ed6e0de6",
            "arn": "arn:aws:ec2:us-east-1:211125662964:instance/i-06091ac150435024e",
            "associate_public_ip_address": false,
            "availability_zone": "us-east-1a",
            "capacity_reservation_specification": [
              {
                "capacity_reservation_preference": "open",
                "capacity_reservation_target": []
              }
            ],
            "cpu_core_count": 1,
            "cpu_options": [
              {
                "amd_sev_snp": "",
                "core_count": 1,
                "threads_per_core": 1
              }
            ],
            "cpu_threads_per_core": 1,
            "credit_specification": [
              {
                "cpu_credits": "standard"
              }
            ],
            "disable_api_stop": false,
            "disable_api_termination": false,
            "ebs_block_device": [],
            "ebs_optimized": false,
            "enable_primary_ipv6": null,
            "enclave_options": [
              {
                "enabled": false
              }
            ],
            "ephemeral_block_device": [],
            "get_password_data": false,
            "hibernation": false,
            "host_id": "",
            "host_resource_group_arn": null,
            "iam_instance_profile": "",
            "id": "i-06091ac150435024e",
            "instance_initiated_shutdown_behavior": "stop",
            "instance_lifecycle": "",
            "instance_market_options": [],
            "instance_state": "running",
            "instance_type": "t2.micro",
            "ipv6_address_count": 0,
            "ipv6_addresses": [],
            "key_name": "mytf-key",
            "launch_template": [],
            "maintenance_options": [
              {
                "auto_recovery": "default"
              }
            ],
            "metadata_options": [
              {
                "http_endpoint": "enabled",
                "http_protocol_ipv6": "disabled",
                "http_put_response_hop_limit": 2,
                "http_tokens": "required",
                "instance_metadata_tags": "disabled"
              }
            ],
            "monitoring": false,
            "network_interface": [],
            "outpost_arn": "",
            "password_data": "",
            "placement_group": "",
            "placement_partition_number": 0,
            "primary_network_interface_id": "eni-087971f9e5357beda",
            "private_dns": "ip-10-0-2-235.ec2.internal",
            "private_dns_name_options": [
              {
                "enable_resource_name_dns_a_record": false,
                "enable_resource_name_dns_aaaa_record": false,
                "hostname_type": "ip-name"
              }
            ],
            "private_ip": "10.0.2.235",
            "public_dns": "",
            "public_ip": "",
            "root_block_device": [
              {
                "delete_on_termination": true,
                "device_name": "/dev/xvda",
                "encrypted": false,
                "iops": 3000,
                "kms_key_id": "",
                "tags": {},
                "tags_all": {},
                "throughput": 125,
                "volume_id": "vol-0dbdf169ce335d0b1",
                "volume_size": 8,
                "volume_type": "gp3"
              }
            ],
            "secondary_private_ips": [],
            "security_groups": [],
            "source_dest_check": true,
            "spot_instance_request_id": "",
            "subnet_id": "subnet-0bca3a4f5148f7b47",
            "tags": {
              "Name": "tf-PrivateInstance"
            },
            "tags_all": {
              "Name": "tf-PrivateInstance"
            },
            "tenancy": "default",
            "timeouts": null,
            "user_data": null,
            "user_data_base64": null,
            "user_data_replace_on_change": false,
            "volume_tags": null,
            "vpc_security_group_ids": [
              "sg-0b0cd82e4a445981c"
            ]
          },
          "sensitive_attributes": [],
          "private": "eyJlMmJmYjczMC1lY2FhLTExZTYtOGY4OC0zNDM2M2JjN2M0YzAiOnsiY3JlYXRlIjo2MDAwMDAwMDAwMDAsImRlbGV0ZSI6MTIwMDAwMDAwMDAwMCwicmVhZCI6OTAwMDAwMDAwMDAwLCJ1cGRhdGUiOjYwMDAwMDAwMDAwMH0sInNjaGVtYV92ZXJzaW9uIjoiMSJ9",
          "dependencies": [
            "aws_key_pair.my_key",
            "aws_security_group.sg",
            "aws_subnet.private_subnet",
            "aws_vpc.mytf_vpc",
            "tls_private_key.rsa"
          ]
        }
      ]
    },
    {
      "mode": "managed",
      "type": "aws_instance",
      "name": "mytfpublicinstance",
      "provider": "provider[\"registry.terraform.io/hashicorp/aws\"]",
      "instances": [
        {
          "schema_version": 1,
          "attributes": {
            "ami": "ami-00a929b66ed6e0de6",
            "arn": "arn:aws:ec2:us-east-1:211125662964:instance/i-02f587485c0ed6598",
            "associate_public_ip_address": true,
            "availability_zone": "us-east-1a",
            "capacity_reservation_specification": [
              {
                "capacity_reservation_preference": "open",
                "capacity_reservation_target": []
              }
            ],
            "cpu_core_count": 1,
            "cpu_options": [
              {
                "amd_sev_snp": "",
                "core_count": 1,
                "threads_per_core": 1
              }
            ],
            "cpu_threads_per_core": 1,
            "credit_specification": [
              {
                "cpu_credits": "standard"
              }
            ],
            "disable_api_stop": false,
            "disable_api_termination": false,
            "ebs_block_device": [],
            "ebs_optimized": false,
            "enable_primary_ipv6": null,
            "enclave_options": [
              {
                "enabled": false
              }
            ],
            "ephemeral_block_device": [],
            "get_password_data": false,
            "hibernation": false,
            "host_id": "",
            "host_resource_group_arn": null,
            "iam_instance_profile": "",
            "id": "i-02f587485c0ed6598",
            "instance_initiated_shutdown_behavior": "stop",
            "instance_lifecycle": "",
            "instance_market_options": [],
            "instance_state": "running",
            "instance_type": "t2.micro",
            "ipv6_address_count": 0,
            "ipv6_addresses": [],
            "key_name": "mytf-key",
            "launch_template": [],
            "maintenance_options": [
              {
                "auto_recovery": "default"
              }
            ],
            "metadata_options": [
              {
                "http_endpoint": "enabled",
                "http_protocol_ipv6": "disabled",
                "http_put_response_hop_limit": 2,
                "http_tokens": "required",
                "instance_metadata_tags": "disabled"
              }
            ],
            "monitoring": false,
            "network_interface": [],
            "outpost_arn": "",
            "password_data": "",
            "placement_group": "",
            "placement_partition_number": 0,
            "primary_network_interface_id": "eni-03b0db42b0e4d65d0",
            "private_dns": "ip-10-0-1-124.ec2.internal",
            "private_dns_name_options": [
              {
                "enable_resource_name_dns_a_record": false,
                "enable_resource_name_dns_aaaa_record": false,
                "hostname_type": "ip-name"
              }
            ],
            "private_ip": "10.0.1.124",
            "public_dns": "",
            "public_ip": "34.239.45.85",
            "root_block_device": [
              {
                "delete_on_termination": true,
                "device_name": "/dev/xvda",
                "encrypted": false,
                "iops": 3000,
                "kms_key_id": "",
                "tags": {},
                "tags_all": {},
                "throughput": 125,
                "volume_id": "vol-026d4766d5b0b423f",
                "volume_size": 8,
                "volume_type": "gp3"
              }
            ],
            "secondary_private_ips": [],
            "security_groups": [],
            "source_dest_check": true,
            "spot_instance_request_id": "",
            "subnet_id": "subnet-05319565125f4530c",
            "tags": {
              "Name": "tf-PublicInstance"
            },
            "tags_all": {
              "Name": "tf-PublicInstance"
            },
            "tenancy": "default",
            "timeouts": null,
            "user_data": null,
            "user_data_base64": null,
            "user_data_replace_on_change": false,
            "volume_tags": null,
            "vpc_security_group_ids": [
              "sg-0b0cd82e4a445981c"
            ]
          },
          "sensitive_attributes": [],
          "private": "eyJlMmJmYjczMC1lY2FhLTExZTYtOGY4OC0zNDM2M2JjN2M0YzAiOnsiY3JlYXRlIjo2MDAwMDAwMDAwMDAsImRlbGV0ZSI6MTIwMDAwMDAwMDAwMCwicmVhZCI6OTAwMDAwMDAwMDAwLCJ1cGRhdGUiOjYwMDAwMDAwMDAwMH0sInNjaGVtYV92ZXJzaW9uIjoiMSJ9",
          "dependencies": [
            "aws_key_pair.my_key",
            "aws_security_group.sg",
            "aws_subnet.public_subnet",
            "aws_vpc.mytf_vpc",
            "tls_private_key.rsa"
          ]
        }
      ]
    },
    {
      "mode": "managed",
      "type": "aws_internet_gateway",
      "name": "igw",
      "provider": "provider[\"registry.terraform.io/hashicorp/aws\"]",
      "instances": [
        {
          "schema_version": 0,
          "attributes": {
            "arn": "arn:aws:ec2:us-east-1:211125662964:internet-gateway/igw-0e89c86673ee227bc",
            "id": "igw-0e89c86673ee227bc",
            "owner_id": "211125662964",
            "tags": {
              "Name": " My Terraform IGW"
            },
            "tags_all": {
              "Name": " My Terraform IGW"
            },
            "timeouts": null,
            "vpc_id": "vpc-0d8f0f8cdbe845a0c"
          },
          "sensitive_attributes": [],
          "private": "eyJlMmJmYjczMC1lY2FhLTExZTYtOGY4OC0zNDM2M2JjN2M0YzAiOnsiY3JlYXRlIjoxMjAwMDAwMDAwMDAwLCJkZWxldGUiOjEyMDAwMDAwMDAwMDAsInVwZGF0ZSI6MTIwMDAwMDAwMDAwMH19",
          "dependencies": [
            "aws_vpc.mytf_vpc"
          ]
        }
      ]
    },
    {
      "mode": "managed",
      "type": "aws_key_pair",
      "name": "my_key",
      "provider": "provider[\"registry.terraform.io/hashicorp/aws\"]",
      "instances": [
        {
          "schema_version": 1,
          "attributes": {
            "arn": "arn:aws:ec2:us-east-1:211125662964:key-pair/mytf-key",
            "fingerprint": "dd:fd:18:38:4f:31:17:4a:77:44:3f:d9:a5:8d:e0:7b",
            "id": "mytf-key",
            "key_name": "mytf-key",
            "key_name_prefix": "",
            "key_pair_id": "key-05163be6541128c27",
            "key_type": "rsa",
            "public_key": "ssh-rsa AAAAB3NzaC1yc2EAAAADAQABAAACAQC1ogTSz6lXOmyqD/d9B/auMWhf8hsifaCG3YP2AMSPiwt8ANYAOffg8ciUrmQ4znpiJcfx3VJ2SHfVY6v2JAJeUxeVTszgyXhyPMvPNV2WlR9JssD7/hFJ0nILZHHaAPMsXZBe5U3jXVgAvSZ9pTGhuS8jQIWrhJirZn27A/Ah2O2OfNC0cEEgWBUScrpLs/5UHO7vPXOpRG+jTgKnDKiin5BHVNEu7Jz3UZkNzPC5eCja1zlzX1OIhjc8U6qDYIT3B3Z2LyV12j5rQihILD984Ondg8VDXjUtnQ2rVoK3uWYNXcZV5zHXkXZPURdqZitTMQebNKD0P8Tvjr+60brGa1hjJ7VzqJLjqX5s2i4VtuCMrCGW5gzDz+CaMHvRh1u/zfZnUPaecqiBb/ILDu3DDVeCSWXHNLAqsonnG/WDmgNuTGQM/UDJTSNRQ2x03wqPIrsGj2rm8L05BmCT23MNicze7B0WaLRga4Xy088MImf2fQS0q1L5AIUAGs+2aB8fgX3McZQ2By7kkIQNzNoGsyAK8aW4S9XIAWas2KO+p5NWOiRlsarYY+ddk0sO+krDPiblnArcMEaTEwgacmCjDCAT9xO/dPCOOWaqQKNJdcZNEJvsLRbPH5BqykBY7pEcivSs4SZLKvVfwUabzXDv9zIwcGnFNLAF6yeXd0xXBQ==",
            "tags": {},
            "tags_all": {}
          },
          "sensitive_attributes": [],
          "private": "eyJzY2hlbWFfdmVyc2lvbiI6IjEifQ==",
          "dependencies": [
            "tls_private_key.rsa"
          ]
        }
      ]
    },
    {
      "mode": "managed",
      "type": "aws_nat_gateway",
      "name": "nat",
      "provider": "provider[\"registry.terraform.io/hashicorp/aws\"]",
      "instances": [
        {
          "schema_version": 0,
          "attributes": {
            "allocation_id": "eipalloc-0b767905bccd2a3af",
            "association_id": "eipassoc-00ca8976febbb447e",
            "connectivity_type": "public",
            "id": "nat-0f4980fb7d544eb2e",
            "network_interface_id": "eni-089cb8a5f75f97fe7",
            "private_ip": "10.0.1.176",
            "public_ip": "44.199.30.32",
            "secondary_allocation_ids": [],
            "secondary_private_ip_address_count": 0,
            "secondary_private_ip_addresses": [],
            "subnet_id": "subnet-05319565125f4530c",
            "tags": {
              "Name": "mytf_vpc NAT Gateway"
            },
            "tags_all": {
              "Name": "mytf_vpc NAT Gateway"
            },
            "timeouts": null
          },
          "sensitive_attributes": [],
          "private": "eyJlMmJmYjczMC1lY2FhLTExZTYtOGY4OC0zNDM2M2JjN2M0YzAiOnsiY3JlYXRlIjo2MDAwMDAwMDAwMDAsImRlbGV0ZSI6MTgwMDAwMDAwMDAwMCwidXBkYXRlIjo2MDAwMDAwMDAwMDB9fQ==",
          "dependencies": [
            "aws_eip.nat_eip",
            "aws_internet_gateway.igw",
            "aws_subnet.public_subnet",
            "aws_vpc.mytf_vpc"
          ]
        }
      ]
    },
    {
      "mode": "managed",
      "type": "aws_route_table",
      "name": "private_rt",
      "provider": "provider[\"registry.terraform.io/hashicorp/aws\"]",
      "instances": [
        {
          "schema_version": 0,
          "attributes": {
            "arn": "arn:aws:ec2:us-east-1:211125662964:route-table/rtb-016a68cdeafcaffea",
            "id": "rtb-016a68cdeafcaffea",
            "owner_id": "211125662964",
            "propagating_vgws": [],
            "route": [
              {
                "carrier_gateway_id": "",
                "cidr_block": "0.0.0.0/0",
                "core_network_arn": "",
                "destination_prefix_list_id": "",
                "egress_only_gateway_id": "",
                "gateway_id": "nat-0f4980fb7d544eb2e",
                "ipv6_cidr_block": "",
                "local_gateway_id": "",
                "nat_gateway_id": "",
                "network_interface_id": "",
                "transit_gateway_id": "",
                "vpc_endpoint_id": "",
                "vpc_peering_connection_id": ""
              }
            ],
            "tags": {
              "Name": "Private Route Table"
            },
            "tags_all": {
              "Name": "Private Route Table"
            },
            "timeouts": null,
            "vpc_id": "vpc-0d8f0f8cdbe845a0c"
          },
          "sensitive_attributes": [],
          "private": "eyJlMmJmYjczMC1lY2FhLTExZTYtOGY4OC0zNDM2M2JjN2M0YzAiOnsiY3JlYXRlIjozMDAwMDAwMDAwMDAsImRlbGV0ZSI6MzAwMDAwMDAwMDAwLCJ1cGRhdGUiOjEyMDAwMDAwMDAwMH19",
          "dependencies": [
            "aws_eip.nat_eip",
            "aws_internet_gateway.igw",
            "aws_nat_gateway.nat",
            "aws_subnet.public_subnet",
            "aws_vpc.mytf_vpc"
          ]
        }
      ]
    },
    {
      "mode": "managed",
      "type": "aws_route_table",
      "name": "public_rt",
      "provider": "provider[\"registry.terraform.io/hashicorp/aws\"]",
      "instances": [
        {
          "schema_version": 0,
          "attributes": {
            "arn": "arn:aws:ec2:us-east-1:211125662964:route-table/rtb-011765629b9462e17",
            "id": "rtb-011765629b9462e17",
            "owner_id": "211125662964",
            "propagating_vgws": [],
            "route": [
              {
                "carrier_gateway_id": "",
                "cidr_block": "0.0.0.0/0",
                "core_network_arn": "",
                "destination_prefix_list_id": "",
                "egress_only_gateway_id": "",
                "gateway_id": "igw-0e89c86673ee227bc",
                "ipv6_cidr_block": "",
                "local_gateway_id": "",
                "nat_gateway_id": "",
                "network_interface_id": "",
                "transit_gateway_id": "",
                "vpc_endpoint_id": "",
                "vpc_peering_connection_id": ""
              }
            ],
            "tags": {
              "Name": "Public Route Table"
            },
            "tags_all": {
              "Name": "Public Route Table"
            },
            "timeouts": null,
            "vpc_id": "vpc-0d8f0f8cdbe845a0c"
          },
          "sensitive_attributes": [],
          "private": "eyJlMmJmYjczMC1lY2FhLTExZTYtOGY4OC0zNDM2M2JjN2M0YzAiOnsiY3JlYXRlIjozMDAwMDAwMDAwMDAsImRlbGV0ZSI6MzAwMDAwMDAwMDAwLCJ1cGRhdGUiOjEyMDAwMDAwMDAwMH19",
          "dependencies": [
            "aws_internet_gateway.igw",
            "aws_vpc.mytf_vpc"
          ]
        }
      ]
    },
    {
      "mode": "managed",
      "type": "aws_route_table_association",
      "name": "PrivateRT_Association",
      "provider": "provider[\"registry.terraform.io/hashicorp/aws\"]",
      "instances": [
        {
          "schema_version": 0,
          "attributes": {
            "gateway_id": "",
            "id": "rtbassoc-02d1207550fbc50e3",
            "route_table_id": "rtb-016a68cdeafcaffea",
            "subnet_id": "subnet-0bca3a4f5148f7b47",
            "timeouts": null
          },
          "sensitive_attributes": [],
          "private": "eyJlMmJmYjczMC1lY2FhLTExZTYtOGY4OC0zNDM2M2JjN2M0YzAiOnsiY3JlYXRlIjozMDAwMDAwMDAwMDAsImRlbGV0ZSI6MzAwMDAwMDAwMDAwLCJ1cGRhdGUiOjEyMDAwMDAwMDAwMH19",
          "dependencies": [
            "aws_eip.nat_eip",
            "aws_internet_gateway.igw",
            "aws_nat_gateway.nat",
            "aws_route_table.private_rt",
            "aws_subnet.private_subnet",
            "aws_subnet.public_subnet",
            "aws_vpc.mytf_vpc"
          ]
        }
      ]
    },
    {
      "mode": "managed",
      "type": "aws_route_table_association",
      "name": "PublicRT_Association",
      "provider": "provider[\"registry.terraform.io/hashicorp/aws\"]",
      "instances": [
        {
          "schema_version": 0,
          "attributes": {
            "gateway_id": "",
            "id": "rtbassoc-055d9391979e9f963",
            "route_table_id": "rtb-011765629b9462e17",
            "subnet_id": "subnet-05319565125f4530c",
            "timeouts": null
          },
          "sensitive_attributes": [],
          "private": "eyJlMmJmYjczMC1lY2FhLTExZTYtOGY4OC0zNDM2M2JjN2M0YzAiOnsiY3JlYXRlIjozMDAwMDAwMDAwMDAsImRlbGV0ZSI6MzAwMDAwMDAwMDAwLCJ1cGRhdGUiOjEyMDAwMDAwMDAwMH19",
          "dependencies": [
            "aws_internet_gateway.igw",
            "aws_route_table.public_rt",
            "aws_subnet.public_subnet",
            "aws_vpc.mytf_vpc"
          ]
        }
      ]
    },
    {
      "mode": "managed",
      "type": "aws_security_group",
      "name": "sg",
      "provider": "provider[\"registry.terraform.io/hashicorp/aws\"]",
      "instances": [
        {
          "schema_version": 1,
          "attributes": {
            "arn": "arn:aws:ec2:us-east-1:211125662964:security-group/sg-0b0cd82e4a445981c",
            "description": "Managed by Terraform",
            "egress": [
              {
                "cidr_blocks": [
                  "0.0.0.0/0"
                ],
                "description": "",
                "from_port": 0,
                "ipv6_cidr_blocks": [],
                "prefix_list_ids": [],
                "protocol": "-1",
                "security_groups": [],
                "self": false,
                "to_port": 0
              }
            ],
            "id": "sg-0b0cd82e4a445981c",
            "ingress": [
              {
                "cidr_blocks": [
                  "0.0.0.0/0"
                ],
                "description": "",
                "from_port": 22,
                "ipv6_cidr_blocks": [],
                "prefix_list_ids": [],
                "protocol": "tcp",
                "security_groups": [],
                "self": false,
                "to_port": 22
              }
            ],
            "name": "terraform-20250505050458916200000001",
            "name_prefix": "terraform-",
            "owner_id": "211125662964",
            "revoke_rules_on_delete": false,
            "tags": {
              "Name": "securitygroup_myvpc"
            },
            "tags_all": {
              "Name": "securitygroup_myvpc"
            },
            "timeouts": null,
            "vpc_id": "vpc-0d8f0f8cdbe845a0c"
          },
          "sensitive_attributes": [],
          "private": "eyJlMmJmYjczMC1lY2FhLTExZTYtOGY4OC0zNDM2M2JjN2M0YzAiOnsiY3JlYXRlIjo2MDAwMDAwMDAwMDAsImRlbGV0ZSI6OTAwMDAwMDAwMDAwfSwic2NoZW1hX3ZlcnNpb24iOiIxIn0=",
          "dependencies": [
            "aws_vpc.mytf_vpc"
          ]
        }
      ]
    },
    {
      "mode": "managed",
      "type": "aws_subnet",
      "name": "private_subnet",
      "provider": "provider[\"registry.terraform.io/hashicorp/aws\"]",
      "instances": [
        {
          "schema_version": 1,
          "attributes": {
            "arn": "arn:aws:ec2:us-east-1:211125662964:subnet/subnet-0bca3a4f5148f7b47",
            "assign_ipv6_address_on_creation": false,
            "availability_zone": "us-east-1a",
            "availability_zone_id": "use1-az6",
            "cidr_block": "10.0.2.0/24",
            "customer_owned_ipv4_pool": "",
            "enable_dns64": false,
            "enable_lni_at_device_index": 0,
            "enable_resource_name_dns_a_record_on_launch": false,
            "enable_resource_name_dns_aaaa_record_on_launch": false,
            "id": "subnet-0bca3a4f5148f7b47",
            "ipv6_cidr_block": "",
            "ipv6_cidr_block_association_id": "",
            "ipv6_native": false,
            "map_customer_owned_ip_on_launch": false,
            "map_public_ip_on_launch": false,
            "outpost_arn": "",
            "owner_id": "211125662964",
            "private_dns_hostname_type_on_launch": "ip-name",
            "tags": {
              "Name": "Private Subnet1"
            },
            "tags_all": {
              "Name": "Private Subnet1"
            },
            "timeouts": null,
            "vpc_id": "vpc-0d8f0f8cdbe845a0c"
          },
          "sensitive_attributes": [],
          "private": "eyJlMmJmYjczMC1lY2FhLTExZTYtOGY4OC0zNDM2M2JjN2M0YzAiOnsiY3JlYXRlIjo2MDAwMDAwMDAwMDAsImRlbGV0ZSI6MTIwMDAwMDAwMDAwMH0sInNjaGVtYV92ZXJzaW9uIjoiMSJ9",
          "dependencies": [
            "aws_vpc.mytf_vpc"
          ]
        }
      ]
    },
    {
      "mode": "managed",
      "type": "aws_subnet",
      "name": "public_subnet",
      "provider": "provider[\"registry.terraform.io/hashicorp/aws\"]",
      "instances": [
        {
          "schema_version": 1,
          "attributes": {
            "arn": "arn:aws:ec2:us-east-1:211125662964:subnet/subnet-05319565125f4530c",
            "assign_ipv6_address_on_creation": false,
            "availability_zone": "us-east-1a",
            "availability_zone_id": "use1-az6",
            "cidr_block": "10.0.1.0/24",
            "customer_owned_ipv4_pool": "",
            "enable_dns64": false,
            "enable_lni_at_device_index": 0,
            "enable_resource_name_dns_a_record_on_launch": false,
            "enable_resource_name_dns_aaaa_record_on_launch": false,
            "id": "subnet-05319565125f4530c",
            "ipv6_cidr_block": "",
            "ipv6_cidr_block_association_id": "",
            "ipv6_native": false,
            "map_customer_owned_ip_on_launch": false,
            "map_public_ip_on_launch": true,
            "outpost_arn": "",
            "owner_id": "211125662964",
            "private_dns_hostname_type_on_launch": "ip-name",
            "tags": {
              "Name": "Public Subnet1"
            },
            "tags_all": {
              "Name": "Public Subnet1"
            },
            "timeouts": null,
            "vpc_id": "vpc-0d8f0f8cdbe845a0c"
          },
          "sensitive_attributes": [],
          "private": "eyJlMmJmYjczMC1lY2FhLTExZTYtOGY4OC0zNDM2M2JjN2M0YzAiOnsiY3JlYXRlIjo2MDAwMDAwMDAwMDAsImRlbGV0ZSI6MTIwMDAwMDAwMDAwMH0sInNjaGVtYV92ZXJzaW9uIjoiMSJ9",
          "dependencies": [
            "aws_vpc.mytf_vpc"
          ]
        }
      ]
    },
    {
      "mode": "managed",
      "type": "aws_vpc",
      "name": "mytf_vpc",
      "provider": "provider[\"registry.terraform.io/hashicorp/aws\"]",
      "instances": [
        {
          "schema_version": 1,
          "attributes": {
            "arn": "arn:aws:ec2:us-east-1:211125662964:vpc/vpc-0d8f0f8cdbe845a0c",
            "assign_generated_ipv6_cidr_block": false,
            "cidr_block": "10.0.0.0/16",
            "default_network_acl_id": "acl-0cefeb2abc6f05e95",
            "default_route_table_id": "rtb-0f4dc70345c637aa5",
            "default_security_group_id": "sg-0dd8255171e082edf",
            "dhcp_options_id": "dopt-09450c2237dfb3b1c",
            "enable_dns_hostnames": false,
            "enable_dns_support": true,
            "enable_network_address_usage_metrics": false,
            "id": "vpc-0d8f0f8cdbe845a0c",
            "instance_tenancy": "default",
            "ipv4_ipam_pool_id": null,
            "ipv4_netmask_length": null,
            "ipv6_association_id": "",
            "ipv6_cidr_block": "",
            "ipv6_cidr_block_network_border_group": "",
            "ipv6_ipam_pool_id": "",
            "ipv6_netmask_length": 0,
            "main_route_table_id": "rtb-0f4dc70345c637aa5",
            "owner_id": "211125662964",
            "tags": {
              "Name": "MyTerraformVPC"
            },
            "tags_all": {
              "Name": "MyTerraformVPC"
            }
          },
          "sensitive_attributes": [],
          "private": "eyJzY2hlbWFfdmVyc2lvbiI6IjEifQ=="
        }
      ]
    },
    {
      "mode": "managed",
      "type": "local_file",
      "name": "TF-key",
      "provider": "provider[\"registry.terraform.io/hashicorp/local\"]",
      "instances": [
        {
          "schema_version": 0,
          "attributes": {
            "content": "-----BEGIN RSA PRIVATE KEY-----\nMIIJKAIBAAKCAgEAtaIE0s+pVzpsqg/3fQf2rjFoX/IbIn2ght2D9gDEj4sLfADW\nADn34PHIlK5kOM56YiXH8d1Sdkh31WOr9iQCXlMXlU7M4Ml4cjzLzzVdlpUfSbLA\n+/4RSdJyC2Rx2gDzLF2QXuVN411YAL0mfaUxobkvI0CFq4SYq2Z9uwPwIdjtjnzQ\ntHBBIFgVEnK6S7P+VBzu7z1zqURvo04Cpwyoop+QR1TRLuyc91GZDczwuXgo2tc5\nc19TiIY3PFOqg2CE9wd2di8lddo+a0IoSCw/fODp3YPFQ141LZ0Nq1aCt7lmDV3G\nVecx15F2T1EXamYrUzEHmzSg9D/E746/utG6xmtYYye1c6iS46l+bNouFbbgjKwh\nluYMw8/gmjB70Ydbv832Z1D2nnKogW/yCw7tww1XgkllxzSwKrKJ5xv1g5oDbkxk\nDP1AyU0jUUNsdN8KjyK7Bo9q5vC9OQZgk9tzDYnM3uwdFmi0YGuF8tPPDCJn9n0E\ntKtS+QCFABrPtmgfH4F9zHGUNgcu5JCEDczaBrMgCvGluEvVyAFmrNijvqeTVjok\nZbGq2GPnXZNLDvpKwz4m5ZwK3DBGkxMIGnJgowwgE/cTv3TwjjlmqkCjSXXGTRCb\n7C0Wzx+QaspAWO6RHIr0rOEmSyr1X8FGm81w7/cyMHBpxTSwBesnl3dMVwUCAwEA\nAQKCAgArGSSBXD6PoOCfctX0IFNfjoA4ggN/yeTxE3doRFLfx6vEMxOUbqzbfqus\nYfwMgawHBXV99dkHEZeDthib+XvpY1iNeGsDbLLsknH++yf3nu9TZrvFn4n9JRck\nDmO4ibCp5pKm/cyfRmsnE7riJfRSrlUZzYnaQsaSJynu2hadBXMK9CF2q0s80EHB\nxKDhbTaMQWhNstxyvfcqfgyBlG6gVfHfhyfytTjis4U4gdhd/f3dvaOXdXdmBgjt\nwuGLNngegLIShYnjPtPAUiyqQXuYF2tOwWFppJ1EM0fGz+qJC1BEnCt/fzIzt0Om\nOvTuLYuavB/Uq2aExmvltw7WFsV1QKn0JYDvoeVOILEbgzWywVqxYz/CNwoY816p\n6PjmxnVRtIT+SMJkYOExDC3WqmXQCzK57z4OxcySXow97NJl52UMEIVqS02f9hUq\n1RuwWNxWwxzz3/vcVWZgm+ulYixDBJm5oYgDYHXk7fAOBo2xf1HSPUPqs2e4rnyt\nHlsBR9Yhybcl+iUovH3r1XhILJdaI35/V+ZpgGz46PUJGX8gA2I4nPIZ2iV1Ia1e\n5cWkQn9eCKDqGCS/QOSsKi2TOaM9cGPJfZCm5xpHJDFPmWC3nFmFip+djgiXLoVu\n3mGx+kFLLUKTtPcacT0ciHBXbW0PyEVvnWy6ozMoKs6lCHOhoQKCAQEA3msMfr8H\nkfWxnhXe6roppuXWAmIVFHKN69x1i3lZd86TXMSHzCqZoQ7nT9H+bMXtNOvdmkXe\nC3Ujq/10bB+zQubyfvNamZ8mWlhVq//YhagN5hGhwhtv8ZMRC2124iPzsuCPSbEj\nJdbZraIKqv/0M71t1zdG+YBzdp7PsU2latfVtHZx2jGn1pWn13wGMGYeAL1wQLkh\nBIfbpq6ccfpcGAAAYp0I+LfFvdpq4cfalZqvnLIQoL7iHp9PCoB7zBg8+3qkEvGK\n4Y2FduCYZpcWO3RAMUL3Dazoa9VtRxklgJHa5FQt7/QrlXsY+5nMN3xVntIECclZ\nV4v+rZHddKaP4QKCAQEA0Q6HjKZ6udzd7DExVY945E1CZ1ZH+D4I16OJxh9V5lpp\n6z0HjgmfUQACuoa8LKxbc+GWv9Nhuol4p3YBnW/9wTcai/EDxEDv6PeKCN147xjz\nFyx1PqQHunXP86tN1jR7hC4Pv6GsD/8oB3Kn0815qPwJjLL4WtMqleX7SbrViNak\nuF2VfyE4Av7gu8/Ded+Y0xoDO2iR0NSMycYqyhkaBRdmRLo4seYIyAuH8iNyjWnL\nd/S5LQxaHZLAu6jYoU/RWfHYKDgTcxSz8mrPzE4CD/DAh9TqR6YqdXGWRtBbUpVA\nz3g74fFK4uLipNn3ARiQuc3Eu3ehi1GQo5eQlOD7pQKCAQBFbu+wpZwMYcH4EuXL\nKyCTnI5pogronjZV2jXLu69FanSwch3ei7H4CHoHfgvKEyPQ8Iz2ezctJn1jVLVC\nh8bjbMto/DldWcSUUZ01G6KRXvwvxXNU8FHK/VlF0v9Y61ZJkjbJD4ZkaqT7wmlI\nJq0qdclTdUsv2nyxHDTEKfQo3YY2Vv+F2RiHMaL67xnThB17p6fiXKjFDFBywXHP\nVxPm3iFAp7tEQcJ2WTgikcxYBbkq1p/APrbCToNTSPbcqPhonUmZLFRpw09V5BlP\ndX0YRFtBxaDwYPkRqMf7eQsvDtlhjDHnBbeRa6NJ8CJDdAoakX93OqcsYGS59J5I\nqzKhAoIBADod6urb4SRIVV1y838Qqo/1Nm+Z2doWDMk9ynBMh8nI+scNqUsAO8z9\nzsRh7nAQ3j+hyBG9xt5fly4erSZCWu3azsN2lhB56Pf/0NzUDOmTKwkXL+ThHtDk\nLZJU3gedgXTmhTRF0pqD2XHwmt1Tsu2aW2FE46wEJkOTsr71dKVc3l/ujD/SUUrr\n5jfv8yyvT0Hoaluan2bJn/X75CtYvRYLQj/68QXrqCdMpVdYKWFMtua7Hrt6QpcU\nFAZXUxnNIar6g5fytt14NOpAbVIjoYki6bMZKqQOeqE5mYhIJgsYOPM0Ppl6RdI7\nNryTZ4pjdOBiZr2i7ULYwvfni6cHwI0CggEBAMxH6dCOijIWgYj49BAOjXhQ5Fuo\nECtvkuEvLWvhk+0IWjV9HiFanaDzJfup+kcqmeJBkGvFjhLhS/BLvzjh0y44P5uO\nVFlvhF7DTJ/31j8iVBpBW0GwWyOY5G376qkTqSk5RSUha8Hlsc/s010qeEeEmy/K\nTEpz4rZEn7YmAwVm1fv/MB52Dz/pl3i8kx0R5LYly7f4GRa3iHyhy2VLVnTm+zHm\nlaYdtd7ShzM2VPgL/A33vCMJhXU1FPoBd0g3m8M2oCWmDtIkYHpvFdvjUZApGb3l\nLrPE8liZ7E2pLjCsQif8rGJXDvU066f10OoACSKJgAPLoYcpbuD1n9ys98o=\n-----END RSA PRIVATE KEY-----\n",
            "content_base64": null,
            "content_base64sha256": "V2LcdqMS0mHLX6P1Lxz9YmtaGdfRnKOlqpBWQtoRZg0=",
            "content_base64sha512": "Q4CPVWVoUCByYIFJbQ8I7v3b0ied6ZwWht0NW2bQ4yIwcN2e9XBXbDvE2VSnMbLmmciZUCpwfspfQCzYJxh5Ig==",
            "content_md5": "a78cc9dbd7f974a2ea90eb4e35d9e1b4",
            "content_sha1": "32bd9e033b7d8be7afaba1452723929b30e8425c",
            "content_sha256": "5762dc76a312d261cb5fa3f52f1cfd626b5a19d7d19ca3a5aa905642da11660d",
            "content_sha512": "43808f5565685020726081496d0f08eefddbd2279de99c1686dd0d5b66d0e3223070dd9ef570576c3bc4d954a731b2e699c899502a707eca5f402cd827187922",
            "directory_permission": "0777",
            "file_permission": "0777",
            "filename": "tfkey",
            "id": "32bd9e033b7d8be7afaba1452723929b30e8425c",
            "sensitive_content": null,
            "source": null
          },
          "sensitive_attributes": [
            [
              {
                "type": "get_attr",
                "value": "content"
              }
            ],
            [
              {
                "type": "get_attr",
                "value": "sensitive_content"
              }
            ]
          ],
          "dependencies": [
            "tls_private_key.rsa"
          ]
        }
      ]
    },
    {
      "mode": "managed",
      "type": "tls_private_key",
      "name": "rsa",
      "provider": "provider[\"registry.terraform.io/hashicorp/tls\"]",
      "instances": [
        {
          "schema_version": 1,
          "attributes": {
            "algorithm": "RSA",
            "ecdsa_curve": "P224",
            "id": "7436de6eddf4ea39948b5868282afcea46a5b06a",
            "private_key_openssh": "-----BEGIN OPENSSH PRIVATE KEY-----\nb3BlbnNzaC1rZXktdjEAAAAABG5vbmUAAAAEbm9uZQAAAAAAAAABAAACFwAAAAdz\nc2gtcnNhAAAAAwEAAQAAAgEAtaIE0s+pVzpsqg/3fQf2rjFoX/IbIn2ght2D9gDE\nj4sLfADWADn34PHIlK5kOM56YiXH8d1Sdkh31WOr9iQCXlMXlU7M4Ml4cjzLzzVd\nlpUfSbLA+/4RSdJyC2Rx2gDzLF2QXuVN411YAL0mfaUxobkvI0CFq4SYq2Z9uwPw\nIdjtjnzQtHBBIFgVEnK6S7P+VBzu7z1zqURvo04Cpwyoop+QR1TRLuyc91GZDczw\nuXgo2tc5c19TiIY3PFOqg2CE9wd2di8lddo+a0IoSCw/fODp3YPFQ141LZ0Nq1aC\nt7lmDV3GVecx15F2T1EXamYrUzEHmzSg9D/E746/utG6xmtYYye1c6iS46l+bNou\nFbbgjKwhluYMw8/gmjB70Ydbv832Z1D2nnKogW/yCw7tww1XgkllxzSwKrKJ5xv1\ng5oDbkxkDP1AyU0jUUNsdN8KjyK7Bo9q5vC9OQZgk9tzDYnM3uwdFmi0YGuF8tPP\nDCJn9n0EtKtS+QCFABrPtmgfH4F9zHGUNgcu5JCEDczaBrMgCvGluEvVyAFmrNij\nvqeTVjokZbGq2GPnXZNLDvpKwz4m5ZwK3DBGkxMIGnJgowwgE/cTv3TwjjlmqkCj\nSXXGTRCb7C0Wzx+QaspAWO6RHIr0rOEmSyr1X8FGm81w7/cyMHBpxTSwBesnl3dM\nVwUAAAc41ZZ1D9WWdQ8AAAAHc3NoLXJzYQAAAgEAtaIE0s+pVzpsqg/3fQf2rjFo\nX/IbIn2ght2D9gDEj4sLfADWADn34PHIlK5kOM56YiXH8d1Sdkh31WOr9iQCXlMX\nlU7M4Ml4cjzLzzVdlpUfSbLA+/4RSdJyC2Rx2gDzLF2QXuVN411YAL0mfaUxobkv\nI0CFq4SYq2Z9uwPwIdjtjnzQtHBBIFgVEnK6S7P+VBzu7z1zqURvo04Cpwyoop+Q\nR1TRLuyc91GZDczwuXgo2tc5c19TiIY3PFOqg2CE9wd2di8lddo+a0IoSCw/fODp\n3YPFQ141LZ0Nq1aCt7lmDV3GVecx15F2T1EXamYrUzEHmzSg9D/E746/utG6xmtY\nYye1c6iS46l+bNouFbbgjKwhluYMw8/gmjB70Ydbv832Z1D2nnKogW/yCw7tww1X\ngkllxzSwKrKJ5xv1g5oDbkxkDP1AyU0jUUNsdN8KjyK7Bo9q5vC9OQZgk9tzDYnM\n3uwdFmi0YGuF8tPPDCJn9n0EtKtS+QCFABrPtmgfH4F9zHGUNgcu5JCEDczaBrMg\nCvGluEvVyAFmrNijvqeTVjokZbGq2GPnXZNLDvpKwz4m5ZwK3DBGkxMIGnJgowwg\nE/cTv3TwjjlmqkCjSXXGTRCb7C0Wzx+QaspAWO6RHIr0rOEmSyr1X8FGm81w7/cy\nMHBpxTSwBesnl3dMVwUAAAADAQABAAACACsZJIFcPo+g4J9y1fQgU1+OgDiCA3/J\n5PETd2hEUt/Hq8QzE5RurNt+q6xh/AyBrAcFdX312QcRl4O2GJv5e+ljWI14awNs\nsuyScf77J/ee71Nmu8Wfif0lFyQOY7iJsKnmkqb9zJ9GaycTuuIl9FKuVRnNidpC\nxpInKe7aFp0Fcwr0IXarSzzQQcHEoOFtNoxBaE2y3HK99yp+DIGUbqBV8d+HJ/K1\nOOKzhTiB2F39/d29o5d1d2YGCO3C4Ys2eB6AshKFieM+08BSLKpBe5gXa07BYWmk\nnUQzR8bP6okLUEScK39/MjO3Q6Y69O4ti5q8H9SrZoTGa+W3DtYWxXVAqfQlgO+h\n5U4gsRuDNbLBWrFjP8I3ChjzXqno+ObGdVG0hP5IwmRg4TEMLdaqZdALMrnvPg7F\nzJJejD3s0mXnZQwQhWpLTZ/2FSrVG7BY3FbDHPPf+9xVZmCb66ViLEMEmbmhiANg\ndeTt8A4GjbF/UdI9Q+qzZ7iufK0eWwFH1iHJtyX6JSi8fevVeEgsl1ojfn9X5mmA\nbPjo9QkZfyADYjic8hnaJXUhrV7lxaRCf14IoOoYJL9A5KwqLZM5oz1wY8l9kKbn\nGkckMU+ZYLecWYWKn52OCJcuhW7eYbH6QUstQpO09xpxPRyIcFdtbQ/IRW+dbLqj\nMygqzqUIc6GhAAABAQDMR+nQjooyFoGI+PQQDo14UORbqBArb5LhLy1r4ZPtCFo1\nfR4hWp2g8yX7qfpHKpniQZBrxY4S4UvwS7844dMuOD+bjlRZb4Rew0yf99Y/IlQa\nQVtBsFsjmORt++qpE6kpOUUlIWvB5bHP7NNdKnhHhJsvykxKc+K2RJ+2JgMFZtX7\n/zAedg8/6Zd4vJMdEeS2Jcu3+BkWt4h8octlS1Z05vsx5pWmHbXe0oczNlT4C/wN\n97wjCYV1NRT6AXdIN5vDNqAlpg7SJGB6bxXb41GQKRm95S6zxPJYmexNqS4wrEIn\n/KxiVw71NOun9dDqAAkiiYADy6GHKW7g9Z/crPfKAAABAQDeawx+vweR9bGeFd7q\nuimm5dYCYhUUco3r3HWLeVl3zpNcxIfMKpmhDudP0f5sxe00692aRd4LdSOr/XRs\nH7NC5vJ+81qZnyZaWFWr/9iFqA3mEaHCG2/xkxELbXbiI/Oy4I9JsSMl1tmtogqq\n//QzvW3XN0b5gHN2ns+xTaVq19W0dnHaMafWlafXfAYwZh4AvXBAuSEEh9umrpxx\n+lwYAABinQj4t8W92mrhx9qVmq+cshCgvuIen08KgHvMGDz7eqQS8YrhjYV24Jhm\nlxY7dEAxQvcNrOhr1W1HGSWAkdrkVC3v9CuVexj7mcw3fFWe0gQJyVlXi/6tkd10\npo/hAAABAQDRDoeMpnq53N3sMTFVj3jkTUJnVkf4PgjXo4nGH1XmWmnrPQeOCZ9R\nAAK6hrwsrFtz4Za/02G6iXindgGdb/3BNxqL8QPEQO/o94oI3XjvGPMXLHU+pAe6\ndc/zq03WNHuELg+/oawP/ygHcqfTzXmo/AmMsvha0yqV5ftJutWI1qS4XZV/ITgC\n/uC7z8N535jTGgM7aJHQ1IzJxirKGRoFF2ZEujix5gjIC4fyI3KNact39LktDFod\nksC7qNihT9FZ8dgoOBNzFLPyas/MTgIP8MCH1OpHpip1cZZG0FtSlUDPeDvh8Uri\n4uKk2fcBGJC5zcS7d6GLUZCjl5CU4PulAAAAAAEC\n-----END OPENSSH PRIVATE KEY-----\n",
            "private_key_pem": "-----BEGIN RSA PRIVATE KEY-----\nMIIJKAIBAAKCAgEAtaIE0s+pVzpsqg/3fQf2rjFoX/IbIn2ght2D9gDEj4sLfADW\nADn34PHIlK5kOM56YiXH8d1Sdkh31WOr9iQCXlMXlU7M4Ml4cjzLzzVdlpUfSbLA\n+/4RSdJyC2Rx2gDzLF2QXuVN411YAL0mfaUxobkvI0CFq4SYq2Z9uwPwIdjtjnzQ\ntHBBIFgVEnK6S7P+VBzu7z1zqURvo04Cpwyoop+QR1TRLuyc91GZDczwuXgo2tc5\nc19TiIY3PFOqg2CE9wd2di8lddo+a0IoSCw/fODp3YPFQ141LZ0Nq1aCt7lmDV3G\nVecx15F2T1EXamYrUzEHmzSg9D/E746/utG6xmtYYye1c6iS46l+bNouFbbgjKwh\nluYMw8/gmjB70Ydbv832Z1D2nnKogW/yCw7tww1XgkllxzSwKrKJ5xv1g5oDbkxk\nDP1AyU0jUUNsdN8KjyK7Bo9q5vC9OQZgk9tzDYnM3uwdFmi0YGuF8tPPDCJn9n0E\ntKtS+QCFABrPtmgfH4F9zHGUNgcu5JCEDczaBrMgCvGluEvVyAFmrNijvqeTVjok\nZbGq2GPnXZNLDvpKwz4m5ZwK3DBGkxMIGnJgowwgE/cTv3TwjjlmqkCjSXXGTRCb\n7C0Wzx+QaspAWO6RHIr0rOEmSyr1X8FGm81w7/cyMHBpxTSwBesnl3dMVwUCAwEA\nAQKCAgArGSSBXD6PoOCfctX0IFNfjoA4ggN/yeTxE3doRFLfx6vEMxOUbqzbfqus\nYfwMgawHBXV99dkHEZeDthib+XvpY1iNeGsDbLLsknH++yf3nu9TZrvFn4n9JRck\nDmO4ibCp5pKm/cyfRmsnE7riJfRSrlUZzYnaQsaSJynu2hadBXMK9CF2q0s80EHB\nxKDhbTaMQWhNstxyvfcqfgyBlG6gVfHfhyfytTjis4U4gdhd/f3dvaOXdXdmBgjt\nwuGLNngegLIShYnjPtPAUiyqQXuYF2tOwWFppJ1EM0fGz+qJC1BEnCt/fzIzt0Om\nOvTuLYuavB/Uq2aExmvltw7WFsV1QKn0JYDvoeVOILEbgzWywVqxYz/CNwoY816p\n6PjmxnVRtIT+SMJkYOExDC3WqmXQCzK57z4OxcySXow97NJl52UMEIVqS02f9hUq\n1RuwWNxWwxzz3/vcVWZgm+ulYixDBJm5oYgDYHXk7fAOBo2xf1HSPUPqs2e4rnyt\nHlsBR9Yhybcl+iUovH3r1XhILJdaI35/V+ZpgGz46PUJGX8gA2I4nPIZ2iV1Ia1e\n5cWkQn9eCKDqGCS/QOSsKi2TOaM9cGPJfZCm5xpHJDFPmWC3nFmFip+djgiXLoVu\n3mGx+kFLLUKTtPcacT0ciHBXbW0PyEVvnWy6ozMoKs6lCHOhoQKCAQEA3msMfr8H\nkfWxnhXe6roppuXWAmIVFHKN69x1i3lZd86TXMSHzCqZoQ7nT9H+bMXtNOvdmkXe\nC3Ujq/10bB+zQubyfvNamZ8mWlhVq//YhagN5hGhwhtv8ZMRC2124iPzsuCPSbEj\nJdbZraIKqv/0M71t1zdG+YBzdp7PsU2latfVtHZx2jGn1pWn13wGMGYeAL1wQLkh\nBIfbpq6ccfpcGAAAYp0I+LfFvdpq4cfalZqvnLIQoL7iHp9PCoB7zBg8+3qkEvGK\n4Y2FduCYZpcWO3RAMUL3Dazoa9VtRxklgJHa5FQt7/QrlXsY+5nMN3xVntIECclZ\nV4v+rZHddKaP4QKCAQEA0Q6HjKZ6udzd7DExVY945E1CZ1ZH+D4I16OJxh9V5lpp\n6z0HjgmfUQACuoa8LKxbc+GWv9Nhuol4p3YBnW/9wTcai/EDxEDv6PeKCN147xjz\nFyx1PqQHunXP86tN1jR7hC4Pv6GsD/8oB3Kn0815qPwJjLL4WtMqleX7SbrViNak\nuF2VfyE4Av7gu8/Ded+Y0xoDO2iR0NSMycYqyhkaBRdmRLo4seYIyAuH8iNyjWnL\nd/S5LQxaHZLAu6jYoU/RWfHYKDgTcxSz8mrPzE4CD/DAh9TqR6YqdXGWRtBbUpVA\nz3g74fFK4uLipNn3ARiQuc3Eu3ehi1GQo5eQlOD7pQKCAQBFbu+wpZwMYcH4EuXL\nKyCTnI5pogronjZV2jXLu69FanSwch3ei7H4CHoHfgvKEyPQ8Iz2ezctJn1jVLVC\nh8bjbMto/DldWcSUUZ01G6KRXvwvxXNU8FHK/VlF0v9Y61ZJkjbJD4ZkaqT7wmlI\nJq0qdclTdUsv2nyxHDTEKfQo3YY2Vv+F2RiHMaL67xnThB17p6fiXKjFDFBywXHP\nVxPm3iFAp7tEQcJ2WTgikcxYBbkq1p/APrbCToNTSPbcqPhonUmZLFRpw09V5BlP\ndX0YRFtBxaDwYPkRqMf7eQsvDtlhjDHnBbeRa6NJ8CJDdAoakX93OqcsYGS59J5I\nqzKhAoIBADod6urb4SRIVV1y838Qqo/1Nm+Z2doWDMk9ynBMh8nI+scNqUsAO8z9\nzsRh7nAQ3j+hyBG9xt5fly4erSZCWu3azsN2lhB56Pf/0NzUDOmTKwkXL+ThHtDk\nLZJU3gedgXTmhTRF0pqD2XHwmt1Tsu2aW2FE46wEJkOTsr71dKVc3l/ujD/SUUrr\n5jfv8yyvT0Hoaluan2bJn/X75CtYvRYLQj/68QXrqCdMpVdYKWFMtua7Hrt6QpcU\nFAZXUxnNIar6g5fytt14NOpAbVIjoYki6bMZKqQOeqE5mYhIJgsYOPM0Ppl6RdI7\nNryTZ4pjdOBiZr2i7ULYwvfni6cHwI0CggEBAMxH6dCOijIWgYj49BAOjXhQ5Fuo\nECtvkuEvLWvhk+0IWjV9HiFanaDzJfup+kcqmeJBkGvFjhLhS/BLvzjh0y44P5uO\nVFlvhF7DTJ/31j8iVBpBW0GwWyOY5G376qkTqSk5RSUha8Hlsc/s010qeEeEmy/K\nTEpz4rZEn7YmAwVm1fv/MB52Dz/pl3i8kx0R5LYly7f4GRa3iHyhy2VLVnTm+zHm\nlaYdtd7ShzM2VPgL/A33vCMJhXU1FPoBd0g3m8M2oCWmDtIkYHpvFdvjUZApGb3l\nLrPE8liZ7E2pLjCsQif8rGJXDvU066f10OoACSKJgAPLoYcpbuD1n9ys98o=\n-----END RSA PRIVATE KEY-----\n",
            "private_key_pem_pkcs8": "-----BEGIN PRIVATE KEY-----\nMIIJQgIBADANBgkqhkiG9w0BAQEFAASCCSwwggkoAgEAAoICAQC1ogTSz6lXOmyq\nD/d9B/auMWhf8hsifaCG3YP2AMSPiwt8ANYAOffg8ciUrmQ4znpiJcfx3VJ2SHfV\nY6v2JAJeUxeVTszgyXhyPMvPNV2WlR9JssD7/hFJ0nILZHHaAPMsXZBe5U3jXVgA\nvSZ9pTGhuS8jQIWrhJirZn27A/Ah2O2OfNC0cEEgWBUScrpLs/5UHO7vPXOpRG+j\nTgKnDKiin5BHVNEu7Jz3UZkNzPC5eCja1zlzX1OIhjc8U6qDYIT3B3Z2LyV12j5r\nQihILD984Ondg8VDXjUtnQ2rVoK3uWYNXcZV5zHXkXZPURdqZitTMQebNKD0P8Tv\njr+60brGa1hjJ7VzqJLjqX5s2i4VtuCMrCGW5gzDz+CaMHvRh1u/zfZnUPaecqiB\nb/ILDu3DDVeCSWXHNLAqsonnG/WDmgNuTGQM/UDJTSNRQ2x03wqPIrsGj2rm8L05\nBmCT23MNicze7B0WaLRga4Xy088MImf2fQS0q1L5AIUAGs+2aB8fgX3McZQ2By7k\nkIQNzNoGsyAK8aW4S9XIAWas2KO+p5NWOiRlsarYY+ddk0sO+krDPiblnArcMEaT\nEwgacmCjDCAT9xO/dPCOOWaqQKNJdcZNEJvsLRbPH5BqykBY7pEcivSs4SZLKvVf\nwUabzXDv9zIwcGnFNLAF6yeXd0xXBQIDAQABAoICACsZJIFcPo+g4J9y1fQgU1+O\ngDiCA3/J5PETd2hEUt/Hq8QzE5RurNt+q6xh/AyBrAcFdX312QcRl4O2GJv5e+lj\nWI14awNssuyScf77J/ee71Nmu8Wfif0lFyQOY7iJsKnmkqb9zJ9GaycTuuIl9FKu\nVRnNidpCxpInKe7aFp0Fcwr0IXarSzzQQcHEoOFtNoxBaE2y3HK99yp+DIGUbqBV\n8d+HJ/K1OOKzhTiB2F39/d29o5d1d2YGCO3C4Ys2eB6AshKFieM+08BSLKpBe5gX\na07BYWmknUQzR8bP6okLUEScK39/MjO3Q6Y69O4ti5q8H9SrZoTGa+W3DtYWxXVA\nqfQlgO+h5U4gsRuDNbLBWrFjP8I3ChjzXqno+ObGdVG0hP5IwmRg4TEMLdaqZdAL\nMrnvPg7FzJJejD3s0mXnZQwQhWpLTZ/2FSrVG7BY3FbDHPPf+9xVZmCb66ViLEME\nmbmhiANgdeTt8A4GjbF/UdI9Q+qzZ7iufK0eWwFH1iHJtyX6JSi8fevVeEgsl1oj\nfn9X5mmAbPjo9QkZfyADYjic8hnaJXUhrV7lxaRCf14IoOoYJL9A5KwqLZM5oz1w\nY8l9kKbnGkckMU+ZYLecWYWKn52OCJcuhW7eYbH6QUstQpO09xpxPRyIcFdtbQ/I\nRW+dbLqjMygqzqUIc6GhAoIBAQDeawx+vweR9bGeFd7quimm5dYCYhUUco3r3HWL\neVl3zpNcxIfMKpmhDudP0f5sxe00692aRd4LdSOr/XRsH7NC5vJ+81qZnyZaWFWr\n/9iFqA3mEaHCG2/xkxELbXbiI/Oy4I9JsSMl1tmtogqq//QzvW3XN0b5gHN2ns+x\nTaVq19W0dnHaMafWlafXfAYwZh4AvXBAuSEEh9umrpxx+lwYAABinQj4t8W92mrh\nx9qVmq+cshCgvuIen08KgHvMGDz7eqQS8YrhjYV24JhmlxY7dEAxQvcNrOhr1W1H\nGSWAkdrkVC3v9CuVexj7mcw3fFWe0gQJyVlXi/6tkd10po/hAoIBAQDRDoeMpnq5\n3N3sMTFVj3jkTUJnVkf4PgjXo4nGH1XmWmnrPQeOCZ9RAAK6hrwsrFtz4Za/02G6\niXindgGdb/3BNxqL8QPEQO/o94oI3XjvGPMXLHU+pAe6dc/zq03WNHuELg+/oawP\n/ygHcqfTzXmo/AmMsvha0yqV5ftJutWI1qS4XZV/ITgC/uC7z8N535jTGgM7aJHQ\n1IzJxirKGRoFF2ZEujix5gjIC4fyI3KNact39LktDFodksC7qNihT9FZ8dgoOBNz\nFLPyas/MTgIP8MCH1OpHpip1cZZG0FtSlUDPeDvh8Uri4uKk2fcBGJC5zcS7d6GL\nUZCjl5CU4PulAoIBAEVu77ClnAxhwfgS5csrIJOcjmmiCuieNlXaNcu7r0VqdLBy\nHd6LsfgIegd+C8oTI9DwjPZ7Ny0mfWNUtUKHxuNsy2j8OV1ZxJRRnTUbopFe/C/F\nc1TwUcr9WUXS/1jrVkmSNskPhmRqpPvCaUgmrSp1yVN1Sy/afLEcNMQp9CjdhjZW\n/4XZGIcxovrvGdOEHXunp+JcqMUMUHLBcc9XE+beIUCnu0RBwnZZOCKRzFgFuSrW\nn8A+tsJOg1NI9tyo+GidSZksVGnDT1XkGU91fRhEW0HFoPBg+RGox/t5Cy8O2WGM\nMecFt5Fro0nwIkN0ChqRf3c6pyxgZLn0nkirMqECggEAOh3q6tvhJEhVXXLzfxCq\nj/U2b5nZ2hYMyT3KcEyHycj6xw2pSwA7zP3OxGHucBDeP6HIEb3G3l+XLh6tJkJa\n7drOw3aWEHno9//Q3NQM6ZMrCRcv5OEe0OQtklTeB52BdOaFNEXSmoPZcfCa3VOy\n7ZpbYUTjrAQmQ5OyvvV0pVzeX+6MP9JRSuvmN+/zLK9PQehqW5qfZsmf9fvkK1i9\nFgtCP/rxBeuoJ0ylV1gpYUy25rseu3pClxQUBldTGc0hqvqDl/K23Xg06kBtUiOh\niSLpsxkqpA56oTmZiEgmCxg48zQ+mXpF0js2vJNnimN04GJmvaLtQtjC9+eLpwfA\njQKCAQEAzEfp0I6KMhaBiPj0EA6NeFDkW6gQK2+S4S8ta+GT7QhaNX0eIVqdoPMl\n+6n6RyqZ4kGQa8WOEuFL8Eu/OOHTLjg/m45UWW+EXsNMn/fWPyJUGkFbQbBbI5jk\nbfvqqROpKTlFJSFrweWxz+zTXSp4R4SbL8pMSnPitkSftiYDBWbV+/8wHnYPP+mX\neLyTHRHktiXLt/gZFreIfKHLZUtWdOb7MeaVph213tKHMzZU+Av8Dfe8IwmFdTUU\n+gF3SDebwzagJaYO0iRgem8V2+NRkCkZveUus8TyWJnsTakuMKxCJ/ysYlcO9TTr\np/XQ6gAJIomAA8uhhylu4PWf3Kz3yg==\n-----END PRIVATE KEY-----\n",
            "public_key_fingerprint_md5": "8b:95:02:62:4e:00:76:23:28:ff:ca:c6:cf:cd:f7:7f",
            "public_key_fingerprint_sha256": "SHA256:5K5InAPZlvCmz1fcLgOwgxAWg9+Gbfu0w9DWlWbEatE",
            "public_key_openssh": "ssh-rsa AAAAB3NzaC1yc2EAAAADAQABAAACAQC1ogTSz6lXOmyqD/d9B/auMWhf8hsifaCG3YP2AMSPiwt8ANYAOffg8ciUrmQ4znpiJcfx3VJ2SHfVY6v2JAJeUxeVTszgyXhyPMvPNV2WlR9JssD7/hFJ0nILZHHaAPMsXZBe5U3jXVgAvSZ9pTGhuS8jQIWrhJirZn27A/Ah2O2OfNC0cEEgWBUScrpLs/5UHO7vPXOpRG+jTgKnDKiin5BHVNEu7Jz3UZkNzPC5eCja1zlzX1OIhjc8U6qDYIT3B3Z2LyV12j5rQihILD984Ondg8VDXjUtnQ2rVoK3uWYNXcZV5zHXkXZPURdqZitTMQebNKD0P8Tvjr+60brGa1hjJ7VzqJLjqX5s2i4VtuCMrCGW5gzDz+CaMHvRh1u/zfZnUPaecqiBb/ILDu3DDVeCSWXHNLAqsonnG/WDmgNuTGQM/UDJTSNRQ2x03wqPIrsGj2rm8L05BmCT23MNicze7B0WaLRga4Xy088MImf2fQS0q1L5AIUAGs+2aB8fgX3McZQ2By7kkIQNzNoGsyAK8aW4S9XIAWas2KO+p5NWOiRlsarYY+ddk0sO+krDPiblnArcMEaTEwgacmCjDCAT9xO/dPCOOWaqQKNJdcZNEJvsLRbPH5BqykBY7pEcivSs4SZLKvVfwUabzXDv9zIwcGnFNLAF6yeXd0xXBQ==\n",
            "public_key_pem": "-----BEGIN PUBLIC KEY-----\nMIICIjANBgkqhkiG9w0BAQEFAAOCAg8AMIICCgKCAgEAtaIE0s+pVzpsqg/3fQf2\nrjFoX/IbIn2ght2D9gDEj4sLfADWADn34PHIlK5kOM56YiXH8d1Sdkh31WOr9iQC\nXlMXlU7M4Ml4cjzLzzVdlpUfSbLA+/4RSdJyC2Rx2gDzLF2QXuVN411YAL0mfaUx\nobkvI0CFq4SYq2Z9uwPwIdjtjnzQtHBBIFgVEnK6S7P+VBzu7z1zqURvo04Cpwyo\nop+QR1TRLuyc91GZDczwuXgo2tc5c19TiIY3PFOqg2CE9wd2di8lddo+a0IoSCw/\nfODp3YPFQ141LZ0Nq1aCt7lmDV3GVecx15F2T1EXamYrUzEHmzSg9D/E746/utG6\nxmtYYye1c6iS46l+bNouFbbgjKwhluYMw8/gmjB70Ydbv832Z1D2nnKogW/yCw7t\nww1XgkllxzSwKrKJ5xv1g5oDbkxkDP1AyU0jUUNsdN8KjyK7Bo9q5vC9OQZgk9tz\nDYnM3uwdFmi0YGuF8tPPDCJn9n0EtKtS+QCFABrPtmgfH4F9zHGUNgcu5JCEDcza\nBrMgCvGluEvVyAFmrNijvqeTVjokZbGq2GPnXZNLDvpKwz4m5ZwK3DBGkxMIGnJg\nowwgE/cTv3TwjjlmqkCjSXXGTRCb7C0Wzx+QaspAWO6RHIr0rOEmSyr1X8FGm81w\n7/cyMHBpxTSwBesnl3dMVwUCAwEAAQ==\n-----END PUBLIC KEY-----\n",
            "rsa_bits": 4096
          },
          "sensitive_attributes": [
            [
              {
                "type": "get_attr",
                "value": "private_key_openssh"
              }
            ],
            [
              {
                "type": "get_attr",
                "value": "private_key_pem"
              }
            ],
            [
              {
                "type": "get_attr",
                "value": "private_key_pem_pkcs8"
              }
            ]
          ]
        }
      ]
    }
  ],
  "check_results": null
}
